// !$*UTF8*$!
{
	archiveVersion = 1;
	classes = {
	};
	objectVersion = 46;
	objects = {

/* Begin PBXBuildFile section */
		CE0A75B01BE05ACE007AAAF4 /* PrecondViolatedExcep.cpp in Sources */ = {isa = PBXBuildFile; fileRef = CE0A75AE1BE05ACE007AAAF4 /* PrecondViolatedExcep.cpp */; };
		CEF161B91BDC4B4700844282 /* TopicE.cpp in Sources */ = {isa = PBXBuildFile; fileRef = CEF161B81BDC4B4700844282 /* TopicE.cpp */; };
		CEF161C11BDC4B7900844282 /* TopicEData.cpp in Sources */ = {isa = PBXBuildFile; fileRef = CEF161BF1BDC4B7900844282 /* TopicEData.cpp */; };
/* End PBXBuildFile section */

/* Begin PBXCopyFilesBuildPhase section */
		CEF161B31BDC4B4700844282 /* CopyFiles */ = {
			isa = PBXCopyFilesBuildPhase;
			buildActionMask = 2147483647;
			dstPath = /usr/share/man/man1/;
			dstSubfolderSpec = 0;
			files = (
			);
			runOnlyForDeploymentPostprocessing = 1;
		};
/* End PBXCopyFilesBuildPhase section */

/* Begin PBXFileReference section */
		CE0A75AE1BE05ACE007AAAF4 /* PrecondViolatedExcep.cpp */ = {isa = PBXFileReference; fileEncoding = 4; lastKnownFileType = sourcecode.cpp.cpp; path = PrecondViolatedExcep.cpp; sourceTree = "<group>"; };
		CE0A75AF1BE05ACE007AAAF4 /* PrecondViolatedExcep.h */ = {isa = PBXFileReference; fileEncoding = 4; lastKnownFileType = sourcecode.c.h; path = PrecondViolatedExcep.h; sourceTree = "<group>"; };
		CEF161B51BDC4B4700844282 /* Topic E */ = {isa = PBXFileReference; explicitFileType = "compiled.mach-o.executable"; includeInIndex = 0; path = "Topic E"; sourceTree = BUILT_PRODUCTS_DIR; };
		CEF161B81BDC4B4700844282 /* TopicE.cpp */ = {isa = PBXFileReference; lastKnownFileType = sourcecode.cpp.cpp; path = TopicE.cpp; sourceTree = "<group>"; };
		CEF161BF1BDC4B7900844282 /* TopicEData.cpp */ = {isa = PBXFileReference; fileEncoding = 4; lastKnownFileType = sourcecode.cpp.cpp; path = TopicEData.cpp; sourceTree = "<group>"; };
		CEF161C01BDC4B7900844282 /* TopicEData.h */ = {isa = PBXFileReference; fileEncoding = 4; lastKnownFileType = sourcecode.c.h; path = TopicEData.h; sourceTree = "<group>"; };
		CEF161C21BDC4BF400844282 /* Heap_PriorityQueue.cpp */ = {isa = PBXFileReference; fileEncoding = 4; lastKnownFileType = sourcecode.cpp.cpp; path = Heap_PriorityQueue.cpp; sourceTree = "<group>"; };
		CEF161C31BDC4BF400844282 /* Heap_PriorityQueue.h */ = {isa = PBXFileReference; fileEncoding = 4; lastKnownFileType = sourcecode.c.h; path = Heap_PriorityQueue.h; sourceTree = "<group>"; };
		CEF161C51BDC4C0B00844282 /* ArrayMaxHeap.cpp */ = {isa = PBXFileReference; fileEncoding = 4; lastKnownFileType = sourcecode.cpp.cpp; path = ArrayMaxHeap.cpp; sourceTree = "<group>"; };
		CEF161C61BDC4C0B00844282 /* ArrayMaxHeap.h */ = {isa = PBXFileReference; fileEncoding = 4; lastKnownFileType = sourcecode.c.h; path = ArrayMaxHeap.h; sourceTree = "<group>"; };
/* End PBXFileReference section */

/* Begin PBXFrameworksBuildPhase section */
		CEF161B21BDC4B4700844282 /* Frameworks */ = {
			isa = PBXFrameworksBuildPhase;
			buildActionMask = 2147483647;
			files = (
			);
			runOnlyForDeploymentPostprocessing = 0;
		};
/* End PBXFrameworksBuildPhase section */

/* Begin PBXGroup section */
		CEF161AC1BDC4B4700844282 = {
			isa = PBXGroup;
			children = (
				CEF161B71BDC4B4700844282 /* Topic E */,
				CEF161B61BDC4B4700844282 /* Products */,
			);
			sourceTree = "<group>";
		};
		CEF161B61BDC4B4700844282 /* Products */ = {
			isa = PBXGroup;
			children = (
				CEF161B51BDC4B4700844282 /* Topic E */,
			);
			name = Products;
			sourceTree = "<group>";
		};
		CEF161B71BDC4B4700844282 /* Topic E */ = {
			isa = PBXGroup;
			children = (
				CEF161B81BDC4B4700844282 /* TopicE.cpp */,
				CEF161BF1BDC4B7900844282 /* TopicEData.cpp */,
				CEF161C01BDC4B7900844282 /* TopicEData.h */,
				CEF161C21BDC4BF400844282 /* Heap_PriorityQueue.cpp */,
				CEF161C31BDC4BF400844282 /* Heap_PriorityQueue.h */,
				CEF161C51BDC4C0B00844282 /* ArrayMaxHeap.cpp */,
				CEF161C61BDC4C0B00844282 /* ArrayMaxHeap.h */,
				CE0A75AE1BE05ACE007AAAF4 /* PrecondViolatedExcep.cpp */,
				CE0A75AF1BE05ACE007AAAF4 /* PrecondViolatedExcep.h */,
			);
			path = "Topic E";
			sourceTree = "<group>";
		};
/* End PBXGroup section */

/* Begin PBXNativeTarget section */
		CEF161B41BDC4B4700844282 /* Topic E */ = {
			isa = PBXNativeTarget;
			buildConfigurationList = CEF161BC1BDC4B4700844282 /* Build configuration list for PBXNativeTarget "Topic E" */;
			buildPhases = (
				CEF161B11BDC4B4700844282 /* Sources */,
				CEF161B21BDC4B4700844282 /* Frameworks */,
				CEF161B31BDC4B4700844282 /* CopyFiles */,
			);
			buildRules = (
			);
			dependencies = (
			);
			name = "Topic E";
			productName = "Topic E";
			productReference = CEF161B51BDC4B4700844282 /* Topic E */;
			productType = "com.apple.product-type.tool";
		};
/* End PBXNativeTarget section */

/* Begin PBXProject section */
		CEF161AD1BDC4B4700844282 /* Project object */ = {
			isa = PBXProject;
			attributes = {
				LastUpgradeCheck = 0620;
				ORGANIZATIONNAME = "Ben Dahl";
				TargetAttributes = {
					CEF161B41BDC4B4700844282 = {
						CreatedOnToolsVersion = 6.2;
					};
				};
			};
			buildConfigurationList = CEF161B01BDC4B4700844282 /* Build configuration list for PBXProject "Topic E" */;
			compatibilityVersion = "Xcode 3.2";
			developmentRegion = English;
			hasScannedForEncodings = 0;
			knownRegions = (
				en,
			);
			mainGroup = CEF161AC1BDC4B4700844282;
			productRefGroup = CEF161B61BDC4B4700844282 /* Products */;
			projectDirPath = "";
			projectRoot = "";
			targets = (
				CEF161B41BDC4B4700844282 /* Topic E */,
			);
		};
/* End PBXProject section */

/* Begin PBXSourcesBuildPhase section */
		CEF161B11BDC4B4700844282 /* Sources */ = {
			isa = PBXSourcesBuildPhase;
			buildActionMask = 2147483647;
			files = (
				CE0A75B01BE05ACE007AAAF4 /* PrecondViolatedExcep.cpp in Sources */,
				CEF161B91BDC4B4700844282 /* TopicE.cpp in Sources */,
				CEF161C11BDC4B7900844282 /* TopicEData.cpp in Sources */,
			);
			runOnlyForDeploymentPostprocessing = 0;
		};
/* End PBXSourcesBuildPhase section */

/* Begin XCBuildConfiguration section */
		CEF161BA1BDC4B4700844282 /* Debug */ = {
			isa = XCBuildConfiguration;
			buildSettings = {
				ALWAYS_SEARCH_USER_PATHS = NO;
				CLANG_CXX_LANGUAGE_STANDARD = "gnu++0x";
				CLANG_CXX_LIBRARY = "libc++";
				CLANG_ENABLE_MODULES = YES;
				CLANG_ENABLE_OBJC_ARC = YES;
				CLANG_WARN_BOOL_CONVERSION = YES;
				CLANG_WARN_CONSTANT_CONVERSION = YES;
				CLANG_WARN_DIRECT_OBJC_ISA_USAGE = YES_ERROR;
				CLANG_WARN_EMPTY_BODY = YES;
				CLANG_WARN_ENUM_CONVERSION = YES;
				CLANG_WARN_INT_CONVERSION = YES;
				CLANG_WARN_OBJC_ROOT_CLASS = YES_ERROR;
				CLANG_WARN_UNREACHABLE_CODE = YES;
				CLANG_WARN__DUPLICATE_METHOD_MATCH = YES;
				COPY_PHASE_STRIP = NO;
				ENABLE_STRICT_OBJC_MSGSEND = YES;
				GCC_C_LANGUAGE_STANDARD = gnu99;
				GCC_DYNAMIC_NO_PIC = NO;
				GCC_OPTIMIZATION_LEVEL = 0;
				GCC_PREPROCESSOR_DEFINITIONS = (
					"DEBUG=1",
					"$(inherited)",
				);
				GCC_SYMBOLS_PRIVATE_EXTERN = NO;
				GCC_WARN_64_TO_32_BIT_CONVERSION = YES;
				GCC_WARN_ABOUT_RETURN_TYPE = YES_ERROR;
				GCC_WARN_UNDECLARED_SELECTOR = YES;
				GCC_WARN_UNINITIALIZED_AUTOS = YES_AGGRESSIVE;
				GCC_WARN_UNUSED_FUNCTION = YES;
				GCC_WARN_UNUSED_VARIABLE = YES;
				MACOSX_DEPLOYMENT_TARGET = 10.9;
				MTL_ENABLE_DEBUG_INFO = YES;
				ONLY_ACTIVE_ARCH = YES;
				SDKROOT = macosx;
			};
			name = Debug;
		};
		CEF161BB1BDC4B4700844282 /* Release */ = {
			isa = XCBuildConfiguration;
			buildSettings = {
				ALWAYS_SEARCH_USER_PATHS = NO;
				CLANG_CXX_LANGUAGE_STANDARD = "gnu++0x";
				CLANG_CXX_LIBRARY = "libc++";
				CLANG_ENABLE_MODULES = YES;
				CLANG_ENABLE_OBJC_ARC = YES;
				CLANG_WARN_BOOL_CONVERSION = YES;
				CLANG_WARN_CONSTANT_CONVERSION = YES;
				CLANG_WARN_DIRECT_OBJC_ISA_USAGE = YES_ERROR;
				CLANG_WARN_EMPTY_BODY = YES;
				CLANG_WARN_ENUM_CONVERSION = YES;
				CLANG_WARN_INT_CONVERSION = YES;
				CLANG_WARN_OBJC_ROOT_CLASS = YES_ERROR;
				CLANG_WARN_UNREACHABLE_CODE = YES;
				CLANG_WARN__DUPLICATE_METHOD_MATCH = YES;
				COPY_PHASE_STRIP = NO;
				DEBUG_INFORMATION_FORMAT = "dwarf-with-dsym";
				ENABLE_NS_ASSERTIONS = NO;
				ENABLE_STRICT_OBJC_MSGSEND = YES;
				GCC_C_LANGUAGE_STANDARD = gnu99;
				GCC_WARN_64_TO_32_BIT_CONVERSION = YES;
				GCC_WARN_ABOUT_RETURN_TYPE = YES_ERROR;
				GCC_WARN_UNDECLARED_SELECTOR = YES;
				GCC_WARN_UNINITIALIZED_AUTOS = YES_AGGRESSIVE;
				GCC_WARN_UNUSED_FUNCTION = YES;
				GCC_WARN_UNUSED_VARIABLE = YES;
				MACOSX_DEPLOYMENT_TARGET = 10.9;
				MTL_ENABLE_DEBUG_INFO = NO;
				SDKROOT = macosx;
			};
			name = Release;
		};
		CEF161BD1BDC4B4700844282 /* Debug */ = {
			isa = XCBuildConfiguration;
			buildSettings = {
				PRODUCT_NAME = "$(TARGET_NAME)";
			};
			name = Debug;
		};
		CEF161BE1BDC4B4700844282 /* Release */ = {
			isa = XCBuildConfiguration;
			buildSettings = {
				PRODUCT_NAME = "$(TARGET_NAME)";
			};
			name = Release;
		};
/* End XCBuildConfiguration section */

/* Begin XCConfigurationList section */
		CEF161B01BDC4B4700844282 /* Build configuration list for PBXProject "Topic E" */ = {
			isa = XCConfigurationList;
			buildConfigurations = (
				CEF161BA1BDC4B4700844282 /* Debug */,
				CEF161BB1BDC4B4700844282 /* Release */,
			);
			defaultConfigurationIsVisible = 0;
			defaultConfigurationName = Release;
		};
		CEF161BC1BDC4B4700844282 /* Build configuration list for PBXNativeTarget "Topic E" */ = {
			isa = XCConfigurationList;
			buildConfigurations = (
				CEF161BD1BDC4B4700844282 /* Debug */,
				CEF161BE1BDC4B4700844282 /* Release */,
			);
			defaultConfigurationIsVisible = 0;
			defaultConfigurationName = Release;
		};
/* End XCConfigurationList section */
	};
	rootObject = CEF161AD1BDC4B4700844282 /* Project object */;
}
